
Microsoft Visual Studio Solution File, Format Version 12.00
# Visual Studio Version 17
VisualStudioVersion = 17.6.33829.357
MinimumVisualStudioVersion = 10.0.40219.1
Project("{FAE04EC0-301F-11D3-BF4B-00C04F79EFBC}") = "DailyReport.cs", "DailyReport.cs\DailyReport.cs.csproj", "{789014DE-DB95-42D6-AAA0-0ABBFFD32231}"
EndProject
Global
	GlobalSection(SolutionConfigurationPlatforms) = preSolution
		Debug|Any CPU = Debug|Any CPU
		Release|Any CPU = Release|Any CPU
	EndGlobalSection
	GlobalSection(ProjectConfigurationPlatforms) = postSolution
		{789014DE-DB95-42D6-AAA0-0ABBFFD32231}.Debug|Any CPU.ActiveCfg = Debug|Any CPU
		{789014DE-DB95-42D6-AAA0-0ABBFFD32231}.Debug|Any CPU.Build.0 = Debug|Any CPU
		{789014DE-DB95-42D6-AAA0-0ABBFFD32231}.Release|Any CPU.ActiveCfg = Release|Any CPU
		{789014DE-DB95-42D6-AAA0-0ABBFFD32231}.Release|Any CPU.Build.0 = Release|Any CPU
	EndGlobalSection
	GlobalSection(SolutionProperties) = preSolution
		HideSolutionNode = FALSE
	EndGlobalSection
	GlobalSection(ExtensibilityGlobals) = postSolution
		SolutionGuid = {763B6214-1DE6-4CE2-A823-B5BE60C7B59C}
	EndGlobalSection
EndGlobal
